
Microsoft Visual Studio Solution File, Format Version 12.00
# Visual Studio 2013
VisualStudioVersion = 12.0.21005.1
MinimumVisualStudioVersion = 10.0.40219.1
Project("{FAE04EC0-301F-11D3-BF4B-00C04F79EFBC}") = "teest2", "teest2.csproj", "{73182E27-43B0-4526-8ACC-8E39D85D734B}"
EndProject
Global
	GlobalSection(SolutionConfigurationPlatforms) = preSolution
		Debug|Any CPU = Debug|Any CPU
		Release|Any CPU = Release|Any CPU
	EndGlobalSection
	GlobalSection(ProjectConfigurationPlatforms) = postSolution
		{73182E27-43B0-4526-8ACC-8E39D85D734B}.Debug|Any CPU.ActiveCfg = Debug|Any CPU
		{73182E27-43B0-4526-8ACC-8E39D85D734B}.Debug|Any CPU.Build.0 = Debug|Any CPU
		{73182E27-43B0-4526-8ACC-8E39D85D734B}.Release|Any CPU.ActiveCfg = Release|Any CPU
		{73182E27-43B0-4526-8ACC-8E39D85D734B}.Release|Any CPU.Build.0 = Release|Any CPU
	EndGlobalSection
	GlobalSection(SolutionProperties) = preSolution
		HideSolutionNode = FALSE
	EndGlobalSection
EndGlobal
