
Microsoft Visual Studio Solution File, Format Version 12.00
# Visual Studio 2013
VisualStudioVersion = 12.0.21005.1
MinimumVisualStudioVersion = 10.0.40219.1
Project("{8BC9CEB8-8B4A-11D0-8D11-00A0C91BC942}") = "ClassLibrary1", "ClassLibrary1.vcxproj", "{B3629256-E3AF-4FFA-B102-3459294A4CDB}"
EndProject
Project("{FAE04EC0-301F-11D3-BF4B-00C04F79EFBC}") = "WinFormProject", "..\WinFormProject\WinFormProject.csproj", "{7B0E5F7C-09C2-4856-A32B-301586890093}"
EndProject
Global
	GlobalSection(SolutionConfigurationPlatforms) = preSolution
		Debug|Any CPU = Debug|Any CPU
		Debug|Mixed Platforms = Debug|Mixed Platforms
		Debug|Win32 = Debug|Win32
		Debug|x64 = Debug|x64
		Release|Any CPU = Release|Any CPU
		Release|Mixed Platforms = Release|Mixed Platforms
		Release|Win32 = Release|Win32
		Release|x64 = Release|x64
	EndGlobalSection
	GlobalSection(ProjectConfigurationPlatforms) = postSolution
		{B3629256-E3AF-4FFA-B102-3459294A4CDB}.Debug|Any CPU.ActiveCfg = Debug|Win32
		{B3629256-E3AF-4FFA-B102-3459294A4CDB}.Debug|Mixed Platforms.ActiveCfg = Debug|x64
		{B3629256-E3AF-4FFA-B102-3459294A4CDB}.Debug|Mixed Platforms.Build.0 = Debug|x64
		{B3629256-E3AF-4FFA-B102-3459294A4CDB}.Debug|Win32.ActiveCfg = Debug|Win32
		{B3629256-E3AF-4FFA-B102-3459294A4CDB}.Debug|Win32.Build.0 = Debug|Win32
		{B3629256-E3AF-4FFA-B102-3459294A4CDB}.Debug|x64.ActiveCfg = Debug|x64
		{B3629256-E3AF-4FFA-B102-3459294A4CDB}.Debug|x64.Build.0 = Debug|x64
		{B3629256-E3AF-4FFA-B102-3459294A4CDB}.Release|Any CPU.ActiveCfg = Release|Win32
		{B3629256-E3AF-4FFA-B102-3459294A4CDB}.Release|Mixed Platforms.ActiveCfg = Release|Win32
		{B3629256-E3AF-4FFA-B102-3459294A4CDB}.Release|Mixed Platforms.Build.0 = Release|Win32
		{B3629256-E3AF-4FFA-B102-3459294A4CDB}.Release|Win32.ActiveCfg = Release|Win32
		{B3629256-E3AF-4FFA-B102-3459294A4CDB}.Release|Win32.Build.0 = Release|Win32
		{B3629256-E3AF-4FFA-B102-3459294A4CDB}.Release|x64.ActiveCfg = Release|Win32
		{B3629256-E3AF-4FFA-B102-3459294A4CDB}.Release|x64.Build.0 = Release|Win32
		{7B0E5F7C-09C2-4856-A32B-301586890093}.Debug|Any CPU.ActiveCfg = Debug|Any CPU
		{7B0E5F7C-09C2-4856-A32B-301586890093}.Debug|Any CPU.Build.0 = Debug|Any CPU
		{7B0E5F7C-09C2-4856-A32B-301586890093}.Debug|Mixed Platforms.ActiveCfg = Debug|x64
		{7B0E5F7C-09C2-4856-A32B-301586890093}.Debug|Mixed Platforms.Build.0 = Debug|x64
		{7B0E5F7C-09C2-4856-A32B-301586890093}.Debug|Win32.ActiveCfg = Debug|Any CPU
		{7B0E5F7C-09C2-4856-A32B-301586890093}.Debug|x64.ActiveCfg = Debug|Any CPU
		{7B0E5F7C-09C2-4856-A32B-301586890093}.Release|Any CPU.ActiveCfg = Release|Any CPU
		{7B0E5F7C-09C2-4856-A32B-301586890093}.Release|Any CPU.Build.0 = Release|Any CPU
		{7B0E5F7C-09C2-4856-A32B-301586890093}.Release|Mixed Platforms.ActiveCfg = Release|Any CPU
		{7B0E5F7C-09C2-4856-A32B-301586890093}.Release|Mixed Platforms.Build.0 = Release|Any CPU
		{7B0E5F7C-09C2-4856-A32B-301586890093}.Release|Win32.ActiveCfg = Release|Any CPU
		{7B0E5F7C-09C2-4856-A32B-301586890093}.Release|x64.ActiveCfg = Release|Any CPU
	EndGlobalSection
	GlobalSection(SolutionProperties) = preSolution
		HideSolutionNode = FALSE
	EndGlobalSection
EndGlobal
