
Microsoft Visual Studio Solution File, Format Version 12.00
# Visual Studio 2013
VisualStudioVersion = 12.0.21005.1
MinimumVisualStudioVersion = 10.0.40219.1
Project("{FAE04EC0-301F-11D3-BF4B-00C04F79EFBC}") = "MyVideoPlayer", "MyVideoPlayer\MyVideoPlayer.csproj", "{AAB9B5F1-93B6-4C2F-A93A-FCFE9814C2FB}"
EndProject
Project("{FAE04EC0-301F-11D3-BF4B-00C04F79EFBC}") = "AviFile", "..\..\..\..\Desktop\Pinvoke\aviFileWrapper_src\AviFile.csproj", "{ABB32A29-AF50-47FA-B243-5FD75A5ABA54}"
EndProject
Global
	GlobalSection(SolutionConfigurationPlatforms) = preSolution
		Debug|Any CPU = Debug|Any CPU
		Release|Any CPU = Release|Any CPU
	EndGlobalSection
	GlobalSection(ProjectConfigurationPlatforms) = postSolution
		{AAB9B5F1-93B6-4C2F-A93A-FCFE9814C2FB}.Debug|Any CPU.ActiveCfg = Debug|Any CPU
		{AAB9B5F1-93B6-4C2F-A93A-FCFE9814C2FB}.Debug|Any CPU.Build.0 = Debug|Any CPU
		{AAB9B5F1-93B6-4C2F-A93A-FCFE9814C2FB}.Release|Any CPU.ActiveCfg = Release|Any CPU
		{AAB9B5F1-93B6-4C2F-A93A-FCFE9814C2FB}.Release|Any CPU.Build.0 = Release|Any CPU
		{ABB32A29-AF50-47FA-B243-5FD75A5ABA54}.Debug|Any CPU.ActiveCfg = Debug|Any CPU
		{ABB32A29-AF50-47FA-B243-5FD75A5ABA54}.Debug|Any CPU.Build.0 = Debug|Any CPU
		{ABB32A29-AF50-47FA-B243-5FD75A5ABA54}.Release|Any CPU.ActiveCfg = Release|Any CPU
		{ABB32A29-AF50-47FA-B243-5FD75A5ABA54}.Release|Any CPU.Build.0 = Release|Any CPU
	EndGlobalSection
	GlobalSection(SolutionProperties) = preSolution
		HideSolutionNode = FALSE
	EndGlobalSection
EndGlobal
